
Microsoft Visual Studio Solution File, Format Version 12.00
# Visual Studio Version 16
VisualStudioVersion = 16.0.29326.143
MinimumVisualStudioVersion = 10.0.40219.1
Project("{FAE04EC0-301F-11D3-BF4B-00C04F79EFBC}") = "ClubEmailer", "ClubEmailer.csproj", "{9A7E3C40-9FFD-42D2-8A1B-1DF9C539004A}"
EndProject
Global
	GlobalSection(SolutionConfigurationPlatforms) = preSolution
		Debug|Any CPU = Debug|Any CPU
		Release|Any CPU = Release|Any CPU
	EndGlobalSection
	GlobalSection(ProjectConfigurationPlatforms) = postSolution
		{9A7E3C40-9FFD-42D2-8A1B-1DF9C539004A}.Debug|Any CPU.ActiveCfg = Debug|Any CPU
		{9A7E3C40-9FFD-42D2-8A1B-1DF9C539004A}.Debug|Any CPU.Build.0 = Debug|Any CPU
		{9A7E3C40-9FFD-42D2-8A1B-1DF9C539004A}.Release|Any CPU.ActiveCfg = Release|Any CPU
		{9A7E3C40-9FFD-42D2-8A1B-1DF9C539004A}.Release|Any CPU.Build.0 = Release|Any CPU
	EndGlobalSection
	GlobalSection(SolutionProperties) = preSolution
		HideSolutionNode = FALSE
	EndGlobalSection
	GlobalSection(ExtensibilityGlobals) = postSolution
		SolutionGuid = {07E21FDA-0393-4711-AE02-2F2FD9E1C00C}
	EndGlobalSection
EndGlobal
